
Microsoft Visual Studio Solution File, Format Version 12.00
Project("{FAE04EC0-301F-11D3-BF4B-00C04F79EFBC}") = "testProject", "testProject\testProject.csproj", "{48080BEF-56DB-403A-98E1-60ADA8CC17EF}"
EndProject
Global
	GlobalSection(SolutionConfigurationPlatforms) = preSolution
		Debug|Any CPU = Debug|Any CPU
		Release|Any CPU = Release|Any CPU
	EndGlobalSection
	GlobalSection(ProjectConfigurationPlatforms) = postSolution
		{48080BEF-56DB-403A-98E1-60ADA8CC17EF}.Debug|Any CPU.ActiveCfg = Debug|Any CPU
		{48080BEF-56DB-403A-98E1-60ADA8CC17EF}.Debug|Any CPU.Build.0 = Debug|Any CPU
		{48080BEF-56DB-403A-98E1-60ADA8CC17EF}.Release|Any CPU.ActiveCfg = Release|Any CPU
		{48080BEF-56DB-403A-98E1-60ADA8CC17EF}.Release|Any CPU.Build.0 = Release|Any CPU
	EndGlobalSection
EndGlobal
